
Microsoft Visual Studio Solution File, Format Version 11.00
# Visual Studio 2010
Project("{FAE04EC0-301F-11D3-BF4B-00C04F79EFBC}") = "Assembly-CSharp", "Assembly-CSharp.csproj", "{2C3932F1-F50C-D79E-5C87-6FA695543DC1}"
EndProject
Project("{FAE04EC0-301F-11D3-BF4B-00C04F79EFBC}") = "Assembly-CSharp-firstpass", "Assembly-CSharp-firstpass.csproj", "{F2C87DB6-4895-C1CB-4B42-901CC5DA19A0}"
EndProject
Project("{FAE04EC0-301F-11D3-BF4B-00C04F79EFBC}") = "Assembly-CSharp-Editor", "Assembly-CSharp-Editor.csproj", "{9BFE1068-247A-E03A-A907-52BD916669DD}"
EndProject
Project("{FAE04EC0-301F-11D3-BF4B-00C04F79EFBC}") = "Assembly-CSharp-Editor-firstpass", "Assembly-CSharp-Editor-firstpass.csproj", "{8C68DAB8-B5BC-7EA9-F2CE-3CC9AF7F0323}"
EndProject
Global
	GlobalSection(SolutionConfigurationPlatforms) = preSolution
		Debug|Any CPU = Debug|Any CPU
		Release|Any CPU = Release|Any CPU
	EndGlobalSection
	GlobalSection(ProjectConfigurationPlatforms) = postSolution
		{2C3932F1-F50C-D79E-5C87-6FA695543DC1}.Debug|Any CPU.ActiveCfg = Debug|Any CPU
		{2C3932F1-F50C-D79E-5C87-6FA695543DC1}.Debug|Any CPU.Build.0 = Debug|Any CPU
		{2C3932F1-F50C-D79E-5C87-6FA695543DC1}.Release|Any CPU.ActiveCfg = Release|Any CPU
		{2C3932F1-F50C-D79E-5C87-6FA695543DC1}.Release|Any CPU.Build.0 = Release|Any CPU
		{F2C87DB6-4895-C1CB-4B42-901CC5DA19A0}.Debug|Any CPU.ActiveCfg = Debug|Any CPU
		{F2C87DB6-4895-C1CB-4B42-901CC5DA19A0}.Debug|Any CPU.Build.0 = Debug|Any CPU
		{F2C87DB6-4895-C1CB-4B42-901CC5DA19A0}.Release|Any CPU.ActiveCfg = Release|Any CPU
		{F2C87DB6-4895-C1CB-4B42-901CC5DA19A0}.Release|Any CPU.Build.0 = Release|Any CPU
		{9BFE1068-247A-E03A-A907-52BD916669DD}.Debug|Any CPU.ActiveCfg = Debug|Any CPU
		{9BFE1068-247A-E03A-A907-52BD916669DD}.Debug|Any CPU.Build.0 = Debug|Any CPU
		{9BFE1068-247A-E03A-A907-52BD916669DD}.Release|Any CPU.ActiveCfg = Release|Any CPU
		{9BFE1068-247A-E03A-A907-52BD916669DD}.Release|Any CPU.Build.0 = Release|Any CPU
		{8C68DAB8-B5BC-7EA9-F2CE-3CC9AF7F0323}.Debug|Any CPU.ActiveCfg = Debug|Any CPU
		{8C68DAB8-B5BC-7EA9-F2CE-3CC9AF7F0323}.Debug|Any CPU.Build.0 = Debug|Any CPU
		{8C68DAB8-B5BC-7EA9-F2CE-3CC9AF7F0323}.Release|Any CPU.ActiveCfg = Release|Any CPU
		{8C68DAB8-B5BC-7EA9-F2CE-3CC9AF7F0323}.Release|Any CPU.Build.0 = Release|Any CPU
	EndGlobalSection
	GlobalSection(SolutionProperties) = preSolution
		HideSolutionNode = FALSE
	EndGlobalSection
EndGlobal
